
Microsoft Visual Studio Solution File, Format Version 12.00
# Visual Studio Version 17
VisualStudioVersion = 17.10.35027.167
MinimumVisualStudioVersion = 10.0.40219.1
Project("{FAE04EC0-301F-11D3-BF4B-00C04F79EFBC}") = "ReportServiceLibrary", "ReportServiceLibrary\ReportServiceLibrary.csproj", "{2257945F-CB55-438A-89BA-8D47DF487563}"
EndProject
Project("{911E67C6-3D85-4FCE-B560-20A9C3E3FF48}") = "WindowsService1", "..\WindowsSocialApp\WindowsSocialApp\bin\WindowsService1.exe", "{3298356A-3D26-4C70-BFED-AD9CC3DEA92C}"
	ProjectSection(DebuggerProjectSystem) = preProject
		PortSupplier = 00000000-0000-0000-0000-000000000000
		Executable = C:\Users\u733661\source\repos\WindowsSocialApp\WindowsSocialApp\bin\WindowsService1.exe
		RemoteMachine = FINLGVDY724
		StartingDirectory = C:\Users\u733661\source\repos\WindowsSocialApp\WindowsSocialApp\bin
		Environment = Default
		LaunchingEngine = 00000000-0000-0000-0000-000000000000
		UseLegacyDebugEngines = No
		LaunchSQLEngine = No
		AttachLaunchAction = No
		IORedirection = Auto
	EndProjectSection
EndProject
Global
	GlobalSection(SolutionConfigurationPlatforms) = preSolution
		Debug|Any CPU = Debug|Any CPU
		Debug|x86 = Debug|x86
		Release|Any CPU = Release|Any CPU
		Release|x86 = Release|x86
	EndGlobalSection
	GlobalSection(ProjectConfigurationPlatforms) = postSolution
		{2257945F-CB55-438A-89BA-8D47DF487563}.Debug|Any CPU.ActiveCfg = Debug|Any CPU
		{2257945F-CB55-438A-89BA-8D47DF487563}.Debug|Any CPU.Build.0 = Debug|Any CPU
		{2257945F-CB55-438A-89BA-8D47DF487563}.Debug|x86.ActiveCfg = Debug|Any CPU
		{2257945F-CB55-438A-89BA-8D47DF487563}.Debug|x86.Build.0 = Debug|Any CPU
		{2257945F-CB55-438A-89BA-8D47DF487563}.Release|Any CPU.ActiveCfg = Release|Any CPU
		{2257945F-CB55-438A-89BA-8D47DF487563}.Release|Any CPU.Build.0 = Release|Any CPU
		{2257945F-CB55-438A-89BA-8D47DF487563}.Release|x86.ActiveCfg = Release|Any CPU
		{2257945F-CB55-438A-89BA-8D47DF487563}.Release|x86.Build.0 = Release|Any CPU
		{3298356A-3D26-4C70-BFED-AD9CC3DEA92C}.Debug|Any CPU.ActiveCfg = Release|x86
		{3298356A-3D26-4C70-BFED-AD9CC3DEA92C}.Debug|x86.ActiveCfg = Release|x86
		{3298356A-3D26-4C70-BFED-AD9CC3DEA92C}.Release|Any CPU.ActiveCfg = Release|x86
		{3298356A-3D26-4C70-BFED-AD9CC3DEA92C}.Release|x86.ActiveCfg = Release|x86
	EndGlobalSection
	GlobalSection(SolutionProperties) = preSolution
		HideSolutionNode = FALSE
	EndGlobalSection
	GlobalSection(ExtensibilityGlobals) = postSolution
		SolutionGuid = {0AB55A33-411C-4349-A44F-BEECF3894E3F}
	EndGlobalSection
EndGlobal
